{
  "name": "dive-for-eggs-preview",
  "lockfileVersion": 3,
  "requires": true,
  "packages": {
    "": {
      "name": "dive-for-eggs-preview",
      "devDependencies": {
        "playwright": "1.56.1",
        "three": "0.169.0"
      }
    },
    "../../../../../../opt/node22/lib/node_modules/playwright": {
      "version": "1.56.1",
      "dev": true,
      "license": "Apache-2.0",
      "dependencies": {
        "playwright-core": "1.56.1"
      },
      "bin": {
        "playwright": "cli.js"
      },
      "engines": {
        "node": ">=18"
      },
      "optionalDependencies": {
        "fsevents": "2.3.2"
      }
    },
    "../../../../../../opt/node22/lib/node_modules/playwright/node_modules/playwright-core": {
      "version": "1.56.1",
      "dev": true,
      "license": "Apache-2.0",
      "bin": {
        "playwright-core": "cli.js"
      },
      "engines": {
        "node": ">=18"
      }
    },
    "node_modules/playwright": {
      "resolved": "../../../../../../opt/node22/lib/node_modules/playwright",
      "link": true
    },
    "node_modules/three": {
      "version": "0.169.0",
      "dev": true,
      "license": "MIT"
    }
  }
}
